
Microsoft Visual Studio Solution File, Format Version 12.00
# Visual Studio Version 16
VisualStudioVersion = 16.0.30330.147
MinimumVisualStudioVersion = 10.0.40219.1
Project("{9A19103F-16F7-4668-BE54-9A1E7A4F7556}") = "Sumar", "Sumar\Sumar.csproj", "{FA3E34C5-48CB-4776-9210-64F9BDFB2209}"
EndProject
Project("{FAE04EC0-301F-11D3-BF4B-00C04F79EFBC}") = "UnitTestSumar", "UnitTestSumar\UnitTestSumar.csproj", "{27CF40D7-9996-4A8D-9BDB-314255945EF2}"
EndProject
Global
	GlobalSection(SolutionConfigurationPlatforms) = preSolution
		Debug|Any CPU = Debug|Any CPU
		Release|Any CPU = Release|Any CPU
	EndGlobalSection
	GlobalSection(ProjectConfigurationPlatforms) = postSolution
		{FA3E34C5-48CB-4776-9210-64F9BDFB2209}.Debug|Any CPU.ActiveCfg = Debug|Any CPU
		{FA3E34C5-48CB-4776-9210-64F9BDFB2209}.Debug|Any CPU.Build.0 = Debug|Any CPU
		{FA3E34C5-48CB-4776-9210-64F9BDFB2209}.Release|Any CPU.ActiveCfg = Release|Any CPU
		{FA3E34C5-48CB-4776-9210-64F9BDFB2209}.Release|Any CPU.Build.0 = Release|Any CPU
		{27CF40D7-9996-4A8D-9BDB-314255945EF2}.Debug|Any CPU.ActiveCfg = Debug|Any CPU
		{27CF40D7-9996-4A8D-9BDB-314255945EF2}.Debug|Any CPU.Build.0 = Debug|Any CPU
		{27CF40D7-9996-4A8D-9BDB-314255945EF2}.Release|Any CPU.ActiveCfg = Release|Any CPU
		{27CF40D7-9996-4A8D-9BDB-314255945EF2}.Release|Any CPU.Build.0 = Release|Any CPU
	EndGlobalSection
	GlobalSection(SolutionProperties) = preSolution
		HideSolutionNode = FALSE
	EndGlobalSection
	GlobalSection(ExtensibilityGlobals) = postSolution
		SolutionGuid = {C673B49D-A534-47CA-8CE5-CCE1991FE18A}
	EndGlobalSection
EndGlobal
